
Microsoft Visual Studio Solution File, Format Version 12.00
# Visual Studio 15
VisualStudioVersion = 15.0.27004.2009
MinimumVisualStudioVersion = 10.0.40219.1
Project("{FAE04EC0-301F-11D3-BF4B-00C04F79EFBC}") = "Server", "Server\Server.csproj", "{DF2267B2-9478-4FCA-9DC2-8335DE2F7007}"
EndProject
Project("{FAE04EC0-301F-11D3-BF4B-00C04F79EFBC}") = "EntityModel", "EntityModel\EntityModel.csproj", "{66435289-71D2-4533-903A-EDC2CA007E02}"
EndProject
Global
	GlobalSection(SolutionConfigurationPlatforms) = preSolution
		Debug|Any CPU = Debug|Any CPU
		Release|Any CPU = Release|Any CPU
	EndGlobalSection
	GlobalSection(ProjectConfigurationPlatforms) = postSolution
		{DF2267B2-9478-4FCA-9DC2-8335DE2F7007}.Debug|Any CPU.ActiveCfg = Debug|Any CPU
		{DF2267B2-9478-4FCA-9DC2-8335DE2F7007}.Debug|Any CPU.Build.0 = Debug|Any CPU
		{DF2267B2-9478-4FCA-9DC2-8335DE2F7007}.Release|Any CPU.ActiveCfg = Release|Any CPU
		{DF2267B2-9478-4FCA-9DC2-8335DE2F7007}.Release|Any CPU.Build.0 = Release|Any CPU
		{66435289-71D2-4533-903A-EDC2CA007E02}.Debug|Any CPU.ActiveCfg = Debug|Any CPU
		{66435289-71D2-4533-903A-EDC2CA007E02}.Debug|Any CPU.Build.0 = Debug|Any CPU
		{66435289-71D2-4533-903A-EDC2CA007E02}.Release|Any CPU.ActiveCfg = Release|Any CPU
		{66435289-71D2-4533-903A-EDC2CA007E02}.Release|Any CPU.Build.0 = Release|Any CPU
	EndGlobalSection
	GlobalSection(SolutionProperties) = preSolution
		HideSolutionNode = FALSE
	EndGlobalSection
	GlobalSection(ExtensibilityGlobals) = postSolution
		SolutionGuid = {ED7FAFFE-DB02-421E-8D6C-B50D8A0C42C3}
	EndGlobalSection
EndGlobal
